
Microsoft Visual Studio Solution File, Format Version 12.00
# Visual Studio Version 16
VisualStudioVersion = 16.0.31005.135
MinimumVisualStudioVersion = 10.0.40219.1
Project("{FAE04EC0-301F-11D3-BF4B-00C04F79EFBC}") = "PersonalSprintPlanner", "PersonalSprintPlanner\PersonalSprintPlanner.csproj", "{399CCD43-17F2-44A0-8951-E7210485FA48}"
EndProject
Project("{9A19103F-16F7-4668-BE54-9A1E7A4F7556}") = "PersonalSprintPlanner.Core", "PersonalSprintPlanner.Core\PersonalSprintPlanner.Core.csproj", "{FDE5831B-1581-4054-B93E-C88DBEE9A557}"
EndProject
Project("{FAE04EC0-301F-11D3-BF4B-00C04F79EFBC}") = "DataAccessLibrary", "DataAccessLibrary\DataAccessLibrary.csproj", "{3A61F200-EB27-4186-847E-812FA25CBF6D}"
EndProject
Global
	GlobalSection(SolutionConfigurationPlatforms) = preSolution
		Debug|Any CPU = Debug|Any CPU
		Debug|ARM = Debug|ARM
		Debug|ARM64 = Debug|ARM64
		Debug|x64 = Debug|x64
		Debug|x86 = Debug|x86
		Release|Any CPU = Release|Any CPU
		Release|ARM = Release|ARM
		Release|ARM64 = Release|ARM64
		Release|x64 = Release|x64
		Release|x86 = Release|x86
	EndGlobalSection
	GlobalSection(ProjectConfigurationPlatforms) = postSolution
		{399CCD43-17F2-44A0-8951-E7210485FA48}.Debug|Any CPU.ActiveCfg = Debug|x86
		{399CCD43-17F2-44A0-8951-E7210485FA48}.Debug|ARM.ActiveCfg = Debug|ARM
		{399CCD43-17F2-44A0-8951-E7210485FA48}.Debug|ARM.Build.0 = Debug|ARM
		{399CCD43-17F2-44A0-8951-E7210485FA48}.Debug|ARM.Deploy.0 = Debug|ARM
		{399CCD43-17F2-44A0-8951-E7210485FA48}.Debug|ARM64.ActiveCfg = Debug|ARM64
		{399CCD43-17F2-44A0-8951-E7210485FA48}.Debug|ARM64.Build.0 = Debug|ARM64
		{399CCD43-17F2-44A0-8951-E7210485FA48}.Debug|ARM64.Deploy.0 = Debug|ARM64
		{399CCD43-17F2-44A0-8951-E7210485FA48}.Debug|x64.ActiveCfg = Debug|x64
		{399CCD43-17F2-44A0-8951-E7210485FA48}.Debug|x64.Build.0 = Debug|x64
		{399CCD43-17F2-44A0-8951-E7210485FA48}.Debug|x64.Deploy.0 = Debug|x64
		{399CCD43-17F2-44A0-8951-E7210485FA48}.Debug|x86.ActiveCfg = Debug|x86
		{399CCD43-17F2-44A0-8951-E7210485FA48}.Debug|x86.Build.0 = Debug|x86
		{399CCD43-17F2-44A0-8951-E7210485FA48}.Debug|x86.Deploy.0 = Debug|x86
		{399CCD43-17F2-44A0-8951-E7210485FA48}.Release|Any CPU.ActiveCfg = Release|x86
		{399CCD43-17F2-44A0-8951-E7210485FA48}.Release|ARM.ActiveCfg = Release|ARM
		{399CCD43-17F2-44A0-8951-E7210485FA48}.Release|ARM.Build.0 = Release|ARM
		{399CCD43-17F2-44A0-8951-E7210485FA48}.Release|ARM.Deploy.0 = Release|ARM
		{399CCD43-17F2-44A0-8951-E7210485FA48}.Release|ARM64.ActiveCfg = Release|ARM64
		{399CCD43-17F2-44A0-8951-E7210485FA48}.Release|ARM64.Build.0 = Release|ARM64
		{399CCD43-17F2-44A0-8951-E7210485FA48}.Release|ARM64.Deploy.0 = Release|ARM64
		{399CCD43-17F2-44A0-8951-E7210485FA48}.Release|x64.ActiveCfg = Release|x64
		{399CCD43-17F2-44A0-8951-E7210485FA48}.Release|x64.Build.0 = Release|x64
		{399CCD43-17F2-44A0-8951-E7210485FA48}.Release|x64.Deploy.0 = Release|x64
		{399CCD43-17F2-44A0-8951-E7210485FA48}.Release|x86.ActiveCfg = Release|x86
		{399CCD43-17F2-44A0-8951-E7210485FA48}.Release|x86.Build.0 = Release|x86
		{399CCD43-17F2-44A0-8951-E7210485FA48}.Release|x86.Deploy.0 = Release|x86
		{FDE5831B-1581-4054-B93E-C88DBEE9A557}.Debug|Any CPU.ActiveCfg = Debug|Any CPU
		{FDE5831B-1581-4054-B93E-C88DBEE9A557}.Debug|Any CPU.Build.0 = Debug|Any CPU
		{FDE5831B-1581-4054-B93E-C88DBEE9A557}.Debug|ARM.ActiveCfg = Debug|Any CPU
		{FDE5831B-1581-4054-B93E-C88DBEE9A557}.Debug|ARM.Build.0 = Debug|Any CPU
		{FDE5831B-1581-4054-B93E-C88DBEE9A557}.Debug|ARM64.ActiveCfg = Debug|Any CPU
		{FDE5831B-1581-4054-B93E-C88DBEE9A557}.Debug|ARM64.Build.0 = Debug|Any CPU
		{FDE5831B-1581-4054-B93E-C88DBEE9A557}.Debug|x64.ActiveCfg = Debug|Any CPU
		{FDE5831B-1581-4054-B93E-C88DBEE9A557}.Debug|x64.Build.0 = Debug|Any CPU
		{FDE5831B-1581-4054-B93E-C88DBEE9A557}.Debug|x86.ActiveCfg = Debug|Any CPU
		{FDE5831B-1581-4054-B93E-C88DBEE9A557}.Debug|x86.Build.0 = Debug|Any CPU
		{FDE5831B-1581-4054-B93E-C88DBEE9A557}.Release|Any CPU.ActiveCfg = Release|Any CPU
		{FDE5831B-1581-4054-B93E-C88DBEE9A557}.Release|Any CPU.Build.0 = Release|Any CPU
		{FDE5831B-1581-4054-B93E-C88DBEE9A557}.Release|ARM.ActiveCfg = Release|Any CPU
		{FDE5831B-1581-4054-B93E-C88DBEE9A557}.Release|ARM.Build.0 = Release|Any CPU
		{FDE5831B-1581-4054-B93E-C88DBEE9A557}.Release|ARM64.ActiveCfg = Release|Any CPU
		{FDE5831B-1581-4054-B93E-C88DBEE9A557}.Release|ARM64.Build.0 = Release|Any CPU
		{FDE5831B-1581-4054-B93E-C88DBEE9A557}.Release|x64.ActiveCfg = Release|Any CPU
		{FDE5831B-1581-4054-B93E-C88DBEE9A557}.Release|x64.Build.0 = Release|Any CPU
		{FDE5831B-1581-4054-B93E-C88DBEE9A557}.Release|x86.ActiveCfg = Release|Any CPU
		{FDE5831B-1581-4054-B93E-C88DBEE9A557}.Release|x86.Build.0 = Release|Any CPU
		{3A61F200-EB27-4186-847E-812FA25CBF6D}.Debug|Any CPU.ActiveCfg = Debug|Any CPU
		{3A61F200-EB27-4186-847E-812FA25CBF6D}.Debug|Any CPU.Build.0 = Debug|Any CPU
		{3A61F200-EB27-4186-847E-812FA25CBF6D}.Debug|ARM.ActiveCfg = Debug|Any CPU
		{3A61F200-EB27-4186-847E-812FA25CBF6D}.Debug|ARM.Build.0 = Debug|Any CPU
		{3A61F200-EB27-4186-847E-812FA25CBF6D}.Debug|ARM64.ActiveCfg = Debug|Any CPU
		{3A61F200-EB27-4186-847E-812FA25CBF6D}.Debug|ARM64.Build.0 = Debug|Any CPU
		{3A61F200-EB27-4186-847E-812FA25CBF6D}.Debug|x64.ActiveCfg = Debug|Any CPU
		{3A61F200-EB27-4186-847E-812FA25CBF6D}.Debug|x64.Build.0 = Debug|Any CPU
		{3A61F200-EB27-4186-847E-812FA25CBF6D}.Debug|x86.ActiveCfg = Debug|Any CPU
		{3A61F200-EB27-4186-847E-812FA25CBF6D}.Debug|x86.Build.0 = Debug|Any CPU
		{3A61F200-EB27-4186-847E-812FA25CBF6D}.Release|Any CPU.ActiveCfg = Release|Any CPU
		{3A61F200-EB27-4186-847E-812FA25CBF6D}.Release|Any CPU.Build.0 = Release|Any CPU
		{3A61F200-EB27-4186-847E-812FA25CBF6D}.Release|ARM.ActiveCfg = Release|Any CPU
		{3A61F200-EB27-4186-847E-812FA25CBF6D}.Release|ARM.Build.0 = Release|Any CPU
		{3A61F200-EB27-4186-847E-812FA25CBF6D}.Release|ARM64.ActiveCfg = Release|Any CPU
		{3A61F200-EB27-4186-847E-812FA25CBF6D}.Release|ARM64.Build.0 = Release|Any CPU
		{3A61F200-EB27-4186-847E-812FA25CBF6D}.Release|x64.ActiveCfg = Release|Any CPU
		{3A61F200-EB27-4186-847E-812FA25CBF6D}.Release|x64.Build.0 = Release|Any CPU
		{3A61F200-EB27-4186-847E-812FA25CBF6D}.Release|x86.ActiveCfg = Release|Any CPU
		{3A61F200-EB27-4186-847E-812FA25CBF6D}.Release|x86.Build.0 = Release|Any CPU
	EndGlobalSection
	GlobalSection(SolutionProperties) = preSolution
		HideSolutionNode = FALSE
	EndGlobalSection
	GlobalSection(ExtensibilityGlobals) = postSolution
		SolutionGuid = {2AA52F35-262D-4B50-9CEF-11B476571E32}
	EndGlobalSection
EndGlobal
